PODS:
  - Capacitor (7.4.3):
    - CapacitorCordova
  - CapacitorApp (7.0.2):
    - Capacitor
  - CapacitorAppLauncher (7.0.2):
    - Capacitor
  - CapacitorBrowser (7.0.2):
    - Capacitor
  - CapacitorCommunityKeepAwake (7.1.0):
    - Capacitor
  - CapacitorCordova (7.4.3)
  - CapacitorDevice (7.0.2):
    - Capacitor
  - CapacitorNativeBiometric (0.0.1):
    - Capacitor
  - CapacitorSplashScreen (7.0.2):
    - Capacitor
  - CapacitorStatusBar (7.0.2):
    - Capacitor
  - CapacitorTextZoom (7.0.2):
    - Capacitor
  - CapawesomeCapacitorManagedConfigurations (7.0.1):
    - Capacitor
  - CapawesomeCapacitorScreenOrientation (7.0.1):
    - Capacitor
  - CordovaPlugins (7.4.3):
    - CapacitorCordova
  - CordovaPluginsResources (0.0.105)
  - CordovaPluginsStatic (7.4.3):
    - CapacitorCordova
    - GoogleAnalytics (= 3.20.0)
  - DvsaCapacitorPluginAsam (2.1.0):
    - Capacitor
  - GoogleAnalytics (3.20.0)
  - IonicEnterpriseAuth (7.1.1):
    - Capacitor
  - Sentry/HybridSDK (8.48.0)
  - SentryCapacitor (1.4.0):
    - Capacitor
    - Sentry/HybridSDK (= 8.48.0)

DEPENDENCIES:
  - "Capacitor (from `../../node_modules/@capacitor/ios`)"
  - "CapacitorApp (from `../../node_modules/@capacitor/app`)"
  - "CapacitorAppLauncher (from `../../node_modules/@capacitor/app-launcher`)"
  - "CapacitorBrowser (from `../../node_modules/@capacitor/browser`)"
  - "CapacitorCommunityKeepAwake (from `../../node_modules/@capacitor-community/keep-awake`)"
  - "CapacitorCordova (from `../../node_modules/@capacitor/ios`)"
  - "CapacitorDevice (from `../../node_modules/@capacitor/device`)"
  - CapacitorNativeBiometric (from `../../node_modules/capacitor-native-biometric`)
  - "CapacitorSplashScreen (from `../../node_modules/@capacitor/splash-screen`)"
  - "CapacitorStatusBar (from `../../node_modules/@capacitor/status-bar`)"
  - "CapacitorTextZoom (from `../../node_modules/@capacitor/text-zoom`)"
  - "CapawesomeCapacitorManagedConfigurations (from `../../node_modules/@capawesome/capacitor-managed-configurations`)"
  - "CapawesomeCapacitorScreenOrientation (from `../../node_modules/@capawesome/capacitor-screen-orientation`)"
  - CordovaPlugins (from `../capacitor-cordova-ios-plugins`)
  - CordovaPluginsResources (from `../capacitor-cordova-ios-plugins`)
  - CordovaPluginsStatic (from `../capacitor-cordova-ios-plugins`)
  - "DvsaCapacitorPluginAsam (from `../../node_modules/@dvsa/capacitor-plugin-asam`)"
  - "IonicEnterpriseAuth (from `../../node_modules/@ionic-enterprise/auth`)"
  - "SentryCapacitor (from `../../node_modules/@sentry/capacitor`)"

SPEC REPOS:
  trunk:
    - GoogleAnalytics
    - Sentry

EXTERNAL SOURCES:
  Capacitor:
    :path: "../../node_modules/@capacitor/ios"
  CapacitorApp:
    :path: "../../node_modules/@capacitor/app"
  CapacitorAppLauncher:
    :path: "../../node_modules/@capacitor/app-launcher"
  CapacitorBrowser:
    :path: "../../node_modules/@capacitor/browser"
  CapacitorCommunityKeepAwake:
    :path: "../../node_modules/@capacitor-community/keep-awake"
  CapacitorCordova:
    :path: "../../node_modules/@capacitor/ios"
  CapacitorDevice:
    :path: "../../node_modules/@capacitor/device"
  CapacitorNativeBiometric:
    :path: "../../node_modules/capacitor-native-biometric"
  CapacitorSplashScreen:
    :path: "../../node_modules/@capacitor/splash-screen"
  CapacitorStatusBar:
    :path: "../../node_modules/@capacitor/status-bar"
  CapacitorTextZoom:
    :path: "../../node_modules/@capacitor/text-zoom"
  CapawesomeCapacitorManagedConfigurations:
    :path: "../../node_modules/@capawesome/capacitor-managed-configurations"
  CapawesomeCapacitorScreenOrientation:
    :path: "../../node_modules/@capawesome/capacitor-screen-orientation"
  CordovaPlugins:
    :path: "../capacitor-cordova-ios-plugins"
  CordovaPluginsResources:
    :path: "../capacitor-cordova-ios-plugins"
  CordovaPluginsStatic:
    :path: "../capacitor-cordova-ios-plugins"
  DvsaCapacitorPluginAsam:
    :path: "../../node_modules/@dvsa/capacitor-plugin-asam"
  IonicEnterpriseAuth:
    :path: "../../node_modules/@ionic-enterprise/auth"
  SentryCapacitor:
    :path: "../../node_modules/@sentry/capacitor"

SPEC CHECKSUMS:
  Capacitor: b4741ca7affb32c1b70debd03df92cbf522d8a80
  CapacitorApp: efc1e9748a8ea5d3e789cd82a4f451341cc7ac93
  CapacitorAppLauncher: 96930b89740f1deabc737df750dbc3e9a0430f34
  CapacitorBrowser: 45c681e7abc3b4384e54eb52bafeef1347d98fa8
  CapacitorCommunityKeepAwake: 36e0cfbc6ae293d93f828724e6d5388a5f02ed5a
  CapacitorCordova: 435121e81a2df4d0034f0fb11fcefab5104cfdb5
  CapacitorDevice: a50a45f0d075e55e2392c7a4be5404d4f69515de
  CapacitorNativeBiometric: b47637a8cd349bdac014424bb4ddcae9ee5d4919
  CapacitorSplashScreen: 8d6c8cb0542a8e81585c593815db8785ed8ce454
  CapacitorStatusBar: 5526833b87fa9c96a2a90c1322bb1f663c04505f
  CapacitorTextZoom: b333ea3d12bc982efc521086ac0e4ae5dca8eb03
  CapawesomeCapacitorManagedConfigurations: de5bdb048622fc842affdc08a3cf4ce1b3f7fa6e
  CapawesomeCapacitorScreenOrientation: f47275aee2356b38d34c1328afc930e787f1caa2
  CordovaPlugins: c0fb08a46ae28766d1472f69b9a969fed32428cb
  CordovaPluginsResources: da93847212bf7b16ba770e4d6c3e7dba820174c7
  CordovaPluginsStatic: d43c93aee9a163d832998297048f8e3edbaf73cb
  DvsaCapacitorPluginAsam: 53472a3be6f372181d6a27d5a27811e8a79a5719
  GoogleAnalytics: 01e4c5a04544a3608f93e970ce0817836897c5a5
  IonicEnterpriseAuth: 70da872dd51c7af0390f0fb2055a04743aefc1f3
  Sentry: 1ca8405451040482877dcd344dfa3ef80b646631
  SentryCapacitor: b364f83da8e94699cc1c40b9e2c0473bef631306

PODFILE CHECKSUM: 1f47af16076cbe96e231928b32482a64ff2b9a7c

COCOAPODS: 1.16.2
