PODS:
  - Capacitor (6.2.0):
    - CapacitorCordova
  - CapacitorApp (6.0.2):
    - Capacitor
  - CapacitorAppLauncher (6.0.3):
    - Capacitor
  - CapacitorCommunityKeepAwake (5.0.1):
    - Capacitor
  - CapacitorCordova (6.2.0)
  - CapacitorDevice (6.0.2):
    - Capacitor
  - CapacitorNativeBiometric (0.0.1):
    - Capacitor
  - CapacitorSplashScreen (6.0.3):
    - Capacitor
  - CapacitorStatusBar (6.0.2):
    - Capacitor
  - CapacitorTextZoom (6.0.3):
    - Capacitor
  - CapawesomeCapacitorManagedConfigurations (6.0.0):
    - Capacitor
  - CapawesomeCapacitorScreenOrientation (6.0.1):
    - Capacitor
  - CordovaPlugins (6.0.0):
    - CapacitorCordova
  - CordovaPluginsResources (0.0.105)
  - CordovaPluginsStatic (6.0.0):
    - CapacitorCordova
    - GoogleAnalytics (= 3.20.0)
  - DvsaCapacitorPluginAsam (1.0.1):
    - Capacitor
  - GoogleAnalytics (3.20.0)
  - Sentry/HybridSDK (8.36.0)
  - SentryCapacitor (1.0.1):
    - Capacitor
    - Sentry/HybridSDK (= 8.36.0)

DEPENDENCIES:
  - "Capacitor (from `../../node_modules/@capacitor/ios`)"
  - "CapacitorApp (from `../../node_modules/@capacitor/app`)"
  - "CapacitorAppLauncher (from `../../node_modules/@capacitor/app-launcher`)"
  - "CapacitorCommunityKeepAwake (from `../../node_modules/@capacitor-community/keep-awake`)"
  - "CapacitorCordova (from `../../node_modules/@capacitor/ios`)"
  - "CapacitorDevice (from `../../node_modules/@capacitor/device`)"
  - CapacitorNativeBiometric (from `../../node_modules/capacitor-native-biometric`)
  - "CapacitorSplashScreen (from `../../node_modules/@capacitor/splash-screen`)"
  - "CapacitorStatusBar (from `../../node_modules/@capacitor/status-bar`)"
  - "CapacitorTextZoom (from `../../node_modules/@capacitor/text-zoom`)"
  - "CapawesomeCapacitorManagedConfigurations (from `../../node_modules/@capawesome/capacitor-managed-configurations`)"
  - "CapawesomeCapacitorScreenOrientation (from `../../node_modules/@capawesome/capacitor-screen-orientation`)"
  - CordovaPlugins (from `../capacitor-cordova-ios-plugins`)
  - CordovaPluginsResources (from `../capacitor-cordova-ios-plugins`)
  - CordovaPluginsStatic (from `../capacitor-cordova-ios-plugins`)
  - "DvsaCapacitorPluginAsam (from `../../node_modules/@dvsa/capacitor-plugin-asam`)"
  - "SentryCapacitor (from `../../node_modules/@sentry/capacitor`)"

SPEC REPOS:
  trunk:
    - GoogleAnalytics
    - Sentry

EXTERNAL SOURCES:
  Capacitor:
    :path: "../../node_modules/@capacitor/ios"
  CapacitorApp:
    :path: "../../node_modules/@capacitor/app"
  CapacitorAppLauncher:
    :path: "../../node_modules/@capacitor/app-launcher"
  CapacitorCommunityKeepAwake:
    :path: "../../node_modules/@capacitor-community/keep-awake"
  CapacitorCordova:
    :path: "../../node_modules/@capacitor/ios"
  CapacitorDevice:
    :path: "../../node_modules/@capacitor/device"
  CapacitorNativeBiometric:
    :path: "../../node_modules/capacitor-native-biometric"
  CapacitorSplashScreen:
    :path: "../../node_modules/@capacitor/splash-screen"
  CapacitorStatusBar:
    :path: "../../node_modules/@capacitor/status-bar"
  CapacitorTextZoom:
    :path: "../../node_modules/@capacitor/text-zoom"
  CapawesomeCapacitorManagedConfigurations:
    :path: "../../node_modules/@capawesome/capacitor-managed-configurations"
  CapawesomeCapacitorScreenOrientation:
    :path: "../../node_modules/@capawesome/capacitor-screen-orientation"
  CordovaPlugins:
    :path: "../capacitor-cordova-ios-plugins"
  CordovaPluginsResources:
    :path: "../capacitor-cordova-ios-plugins"
  CordovaPluginsStatic:
    :path: "../capacitor-cordova-ios-plugins"
  DvsaCapacitorPluginAsam:
    :path: "../../node_modules/@dvsa/capacitor-plugin-asam"
  SentryCapacitor:
    :path: "../../node_modules/@sentry/capacitor"

SPEC CHECKSUMS:
  Capacitor: 1f3c7b9802d958cd8c4eb63895fff85dff2e1eea
  CapacitorApp: 2a8c3a0b0814322e5e6e15fe595f02c3808f0f8b
  CapacitorAppLauncher: a9fb7da942e89fa9cb2bb1e579c8bd2ab81652a5
  CapacitorCommunityKeepAwake: e2ddd50812e3407f8dc3a2c28e97d66e9b59b2f5
  CapacitorCordova: b33e7f4aa4ed105dd43283acdd940964374a87d9
  CapacitorDevice: 1a215717f0b5061503b21a03508b0ec458a57d78
  CapacitorNativeBiometric: b47637a8cd349bdac014424bb4ddcae9ee5d4919
  CapacitorSplashScreen: 68893659d77b5f82d753b3a70475082845e3039c
  CapacitorStatusBar: 3b9ac7d0684770522c532d1158a1434512ab1477
  CapacitorTextZoom: be3bee30e5bf4bc623539877e6241dff861d631e
  CapawesomeCapacitorManagedConfigurations: e6dbcbcf45d7b1f7acfa9b54a02e15201604a803
  CapawesomeCapacitorScreenOrientation: 9cc68ecd085fcea2e1755475a3ed60d85e604a6c
  CordovaPlugins: c8d12d6cd20cf360d3711e2590712be33b6dbcf5
  CordovaPluginsResources: 0c211f770ed91763a179ebcd9b9346e120b70662
  CordovaPluginsStatic: 923a56e48bad79010d7c84d405625ec8d0b46b41
  DvsaCapacitorPluginAsam: 608d4ae7a0888671ccab43802a7c04d98407daf4
  GoogleAnalytics: 01e4c5a04544a3608f93e970ce0817836897c5a5
  Sentry: f8374b5415bc38dfb5645941b3ae31230fbeae57
  SentryCapacitor: 2137257959f06553337c81be4ed0c10acefef58b

PODFILE CHECKSUM: 61573ea5bd18f943e4e59ed5bae05613b2fe01a7

COCOAPODS: 1.16.2
