PODS:
  - Capacitor (7.4.5):
    - CapacitorCordova
  - CapacitorApp (7.1.1):
    - Capacitor
  - CapacitorAppLauncher (7.0.3):
    - Capacitor
  - CapacitorBrowser (7.0.3):
    - Capacitor
  - CapacitorCommunityKeepAwake (7.1.0):
    - Capacitor
  - CapacitorCordova (7.4.5)
  - CapacitorDevice (7.0.3):
    - Capacitor
  - CapacitorNativeBiometric (0.0.1):
    - Capacitor
  - CapacitorSplashScreen (7.0.4):
    - Capacitor
  - CapacitorStatusBar (7.0.4):
    - Capacitor
  - CapacitorTextZoom (7.0.3):
    - Capacitor
  - CapawesomeCapacitorManagedConfigurations (7.0.1):
    - Capacitor
  - CapawesomeCapacitorScreenOrientation (7.1.0):
    - Capacitor
  - CordovaPlugins (7.4.5):
    - CapacitorCordova
  - CordovaPluginsResources (0.0.105)
  - CordovaPluginsStatic (7.4.5):
    - CapacitorCordova
    - GoogleAnalytics (= 3.20.0)
  - DvsaCapacitorPluginAsam (2.1.0):
    - Capacitor
  - GoogleAnalytics (3.20.0)
  - MSAL (1.9.0):
    - MSAL/app-lib (= 1.9.0)
  - MSAL/app-lib (1.9.0)
  - RecognizebvCapacitorPluginMsauth (4.1.0):
    - Capacitor
    - MSAL (~> 1.1)
  - Sentry/HybridSDK (8.48.0)
  - SentryCapacitor (1.4.0):
    - Capacitor
    - Sentry/HybridSDK (= 8.48.0)

DEPENDENCIES:
  - "Capacitor (from `../../node_modules/@capacitor/ios`)"
  - "CapacitorApp (from `../../node_modules/@capacitor/app`)"
  - "CapacitorAppLauncher (from `../../node_modules/@capacitor/app-launcher`)"
  - "CapacitorBrowser (from `../../node_modules/@capacitor/browser`)"
  - "CapacitorCommunityKeepAwake (from `../../node_modules/@capacitor-community/keep-awake`)"
  - "CapacitorCordova (from `../../node_modules/@capacitor/ios`)"
  - "CapacitorDevice (from `../../node_modules/@capacitor/device`)"
  - CapacitorNativeBiometric (from `../../node_modules/capacitor-native-biometric`)
  - "CapacitorSplashScreen (from `../../node_modules/@capacitor/splash-screen`)"
  - "CapacitorStatusBar (from `../../node_modules/@capacitor/status-bar`)"
  - "CapacitorTextZoom (from `../../node_modules/@capacitor/text-zoom`)"
  - "CapawesomeCapacitorManagedConfigurations (from `../../node_modules/@capawesome/capacitor-managed-configurations`)"
  - "CapawesomeCapacitorScreenOrientation (from `../../node_modules/@capawesome/capacitor-screen-orientation`)"
  - CordovaPlugins (from `../capacitor-cordova-ios-plugins`)
  - CordovaPluginsResources (from `../capacitor-cordova-ios-plugins`)
  - CordovaPluginsStatic (from `../capacitor-cordova-ios-plugins`)
  - "DvsaCapacitorPluginAsam (from `../../node_modules/@dvsa/capacitor-plugin-asam`)"
  - "RecognizebvCapacitorPluginMsauth (from `../../node_modules/@recognizebv/capacitor-plugin-msauth`)"
  - "SentryCapacitor (from `../../node_modules/@sentry/capacitor`)"

SPEC REPOS:
  trunk:
    - GoogleAnalytics
    - MSAL
    - Sentry

EXTERNAL SOURCES:
  Capacitor:
    :path: "../../node_modules/@capacitor/ios"
  CapacitorApp:
    :path: "../../node_modules/@capacitor/app"
  CapacitorAppLauncher:
    :path: "../../node_modules/@capacitor/app-launcher"
  CapacitorBrowser:
    :path: "../../node_modules/@capacitor/browser"
  CapacitorCommunityKeepAwake:
    :path: "../../node_modules/@capacitor-community/keep-awake"
  CapacitorCordova:
    :path: "../../node_modules/@capacitor/ios"
  CapacitorDevice:
    :path: "../../node_modules/@capacitor/device"
  CapacitorNativeBiometric:
    :path: "../../node_modules/capacitor-native-biometric"
  CapacitorSplashScreen:
    :path: "../../node_modules/@capacitor/splash-screen"
  CapacitorStatusBar:
    :path: "../../node_modules/@capacitor/status-bar"
  CapacitorTextZoom:
    :path: "../../node_modules/@capacitor/text-zoom"
  CapawesomeCapacitorManagedConfigurations:
    :path: "../../node_modules/@capawesome/capacitor-managed-configurations"
  CapawesomeCapacitorScreenOrientation:
    :path: "../../node_modules/@capawesome/capacitor-screen-orientation"
  CordovaPlugins:
    :path: "../capacitor-cordova-ios-plugins"
  CordovaPluginsResources:
    :path: "../capacitor-cordova-ios-plugins"
  CordovaPluginsStatic:
    :path: "../capacitor-cordova-ios-plugins"
  DvsaCapacitorPluginAsam:
    :path: "../../node_modules/@dvsa/capacitor-plugin-asam"
  RecognizebvCapacitorPluginMsauth:
    :path: "../../node_modules/@recognizebv/capacitor-plugin-msauth"
  SentryCapacitor:
    :path: "../../node_modules/@sentry/capacitor"

SPEC CHECKSUMS:
  Capacitor: 12914e6f1b7835e161a74ebd19cb361efa37a7dd
  CapacitorApp: 63b237168fc869e758481dba283315a85743ee78
  CapacitorAppLauncher: af5f338d8e7bf91cb318bf24ec0d133922b93a9c
  CapacitorBrowser: b98aa3db018a2ce4c68242d27e596c344f3b81b3
  CapacitorCommunityKeepAwake: 05c75aab989f60e621870cf03b24a144a5544c30
  CapacitorCordova: 31bbe4466000c6b86d9b7f1181ee286cff0205aa
  CapacitorDevice: b64654eb4d404373e733c01d835055ba59286e5c
  CapacitorNativeBiometric: 78cf21304251a512e4597437325b5e9b0cd9f7b3
  CapacitorSplashScreen: 000f7591d546907dda5cbb514bd6b6d9e6048cf8
  CapacitorStatusBar: d0e0151c89c001a9c7125bac59ddedf76b664768
  CapacitorTextZoom: c22bedd7b6762443ae7648edd6e6df70c5e0b2fe
  CapawesomeCapacitorManagedConfigurations: 5a521d9b9801140fbbf8c208f2b1c712b1674da6
  CapawesomeCapacitorScreenOrientation: 3c69f06737dae8a9340d5f51891a58321987123c
  CordovaPlugins: 66f3b60ec37edbfb291b9197494646b95cf503f3
  CordovaPluginsResources: da93847212bf7b16ba770e4d6c3e7dba820174c7
  CordovaPluginsStatic: 1356bd1448b2c67b1b72ed8f11040585a0be1919
  DvsaCapacitorPluginAsam: 143282254bfd6265f421cfb01c978b285db3796c
  GoogleAnalytics: 01e4c5a04544a3608f93e970ce0817836897c5a5
  MSAL: 1a32a1070ccf55d9641d31edd8869ea2b5a78beb
  RecognizebvCapacitorPluginMsauth: c108ed22d9d2329bc729661356f9fce24354e2c2
  Sentry: 1ca8405451040482877dcd344dfa3ef80b646631
  SentryCapacitor: 5555ac5b8c2cf3fbdac6973e7d1d62c9b7d5277b

PODFILE CHECKSUM: 8fb489f8535b0e3eddd5dc277b9148a70fe1780d

COCOAPODS: 1.16.2
